
Microsoft Visual Studio Solution File, Format Version 12.00
# Visual Studio Version 17
VisualStudioVersion = 17.14.36121.58
MinimumVisualStudioVersion = 10.0.40219.1
Project("{FAE04EC0-301F-11D3-BF4B-00C04F79EFBC}") = "Alıştırmalık", "Alıştırmalık\Alıştırmalık.csproj", "{7E03EECD-0859-44D7-B8B5-78E044EC4FA6}"
EndProject
Project("{FAE04EC0-301F-11D3-BF4B-00C04F79EFBC}") = "BaşlangıçSoru2", "BaşlangıçSoru2\BaşlangıçSoru2.csproj", "{699270F1-4FDD-48E6-99E9-1FACAD1E4F82}"
EndProject
Global
	GlobalSection(SolutionConfigurationPlatforms) = preSolution
		Debug|Any CPU = Debug|Any CPU
		Release|Any CPU = Release|Any CPU
	EndGlobalSection
	GlobalSection(ProjectConfigurationPlatforms) = postSolution
		{7E03EECD-0859-44D7-B8B5-78E044EC4FA6}.Debug|Any CPU.ActiveCfg = Debug|Any CPU
		{7E03EECD-0859-44D7-B8B5-78E044EC4FA6}.Debug|Any CPU.Build.0 = Debug|Any CPU
		{7E03EECD-0859-44D7-B8B5-78E044EC4FA6}.Release|Any CPU.ActiveCfg = Release|Any CPU
		{7E03EECD-0859-44D7-B8B5-78E044EC4FA6}.Release|Any CPU.Build.0 = Release|Any CPU
		{699270F1-4FDD-48E6-99E9-1FACAD1E4F82}.Debug|Any CPU.ActiveCfg = Debug|Any CPU
		{699270F1-4FDD-48E6-99E9-1FACAD1E4F82}.Debug|Any CPU.Build.0 = Debug|Any CPU
		{699270F1-4FDD-48E6-99E9-1FACAD1E4F82}.Release|Any CPU.ActiveCfg = Release|Any CPU
		{699270F1-4FDD-48E6-99E9-1FACAD1E4F82}.Release|Any CPU.Build.0 = Release|Any CPU
	EndGlobalSection
	GlobalSection(SolutionProperties) = preSolution
		HideSolutionNode = FALSE
	EndGlobalSection
	GlobalSection(ExtensibilityGlobals) = postSolution
		SolutionGuid = {8BFA5AD0-A544-4605-B829-CA3019D02EBD}
	EndGlobalSection
EndGlobal
