
Microsoft Visual Studio Solution File, Format Version 12.00
# Visual Studio Version 17
VisualStudioVersion = 17.14.36121.58
MinimumVisualStudioVersion = 10.0.40219.1
Project("{FAE04EC0-301F-11D3-BF4B-00C04F79EFBC}") = "Alıştırmalık", "Alıştırmalık\Alıştırmalık.csproj", "{7E03EECD-0859-44D7-B8B5-78E044EC4FA6}"
EndProject
Project("{FAE04EC0-301F-11D3-BF4B-00C04F79EFBC}") = "BaşlangıçSoru2", "BaşlangıçSoru2\BaşlangıçSoru2.csproj", "{699270F1-4FDD-48E6-99E9-1FACAD1E4F82}"
EndProject
Project("{FAE04EC0-301F-11D3-BF4B-00C04F79EFBC}") = "soru3-NotOrtalamasıHesaplama", "soru3-NotOrtalamasıHesaplama\soru3-NotOrtalamasıHesaplama.csproj", "{9CFFE8FD-3C93-496F-881E-F139B602067A}"
EndProject
Project("{FAE04EC0-301F-11D3-BF4B-00C04F79EFBC}") = "soru4-PalindromKontrolü", "soru4-PalindromKontrolü\soru4-PalindromKontrolü.csproj", "{153D1F90-5216-4580-BA39-2C25F82C0E36}"
EndProject
Project("{FAE04EC0-301F-11D3-BF4B-00C04F79EFBC}") = "soru5_BasitAlisverisSepetiUygulamasi", "soru5_BasitAlisverisSepetiUygulamasi\soru5_BasitAlisverisSepetiUygulamasi.csproj", "{3DF7B83B-C56D-4BCF-9761-E4F992E751B3}"
EndProject
Project("{FAE04EC0-301F-11D3-BF4B-00C04F79EFBC}") = "soru6_TemelHesapMakinesi", "soru6_TemelHesapMakinesi\soru6_TemelHesapMakinesi.csproj", "{B74D1A7F-4CAB-471E-AC7D-1DDF07538B77}"
EndProject
Global
	GlobalSection(SolutionConfigurationPlatforms) = preSolution
		Debug|Any CPU = Debug|Any CPU
		Release|Any CPU = Release|Any CPU
	EndGlobalSection
	GlobalSection(ProjectConfigurationPlatforms) = postSolution
		{7E03EECD-0859-44D7-B8B5-78E044EC4FA6}.Debug|Any CPU.ActiveCfg = Debug|Any CPU
		{7E03EECD-0859-44D7-B8B5-78E044EC4FA6}.Debug|Any CPU.Build.0 = Debug|Any CPU
		{7E03EECD-0859-44D7-B8B5-78E044EC4FA6}.Release|Any CPU.ActiveCfg = Release|Any CPU
		{7E03EECD-0859-44D7-B8B5-78E044EC4FA6}.Release|Any CPU.Build.0 = Release|Any CPU
		{699270F1-4FDD-48E6-99E9-1FACAD1E4F82}.Debug|Any CPU.ActiveCfg = Debug|Any CPU
		{699270F1-4FDD-48E6-99E9-1FACAD1E4F82}.Debug|Any CPU.Build.0 = Debug|Any CPU
		{699270F1-4FDD-48E6-99E9-1FACAD1E4F82}.Release|Any CPU.ActiveCfg = Release|Any CPU
		{699270F1-4FDD-48E6-99E9-1FACAD1E4F82}.Release|Any CPU.Build.0 = Release|Any CPU
		{9CFFE8FD-3C93-496F-881E-F139B602067A}.Debug|Any CPU.ActiveCfg = Debug|Any CPU
		{9CFFE8FD-3C93-496F-881E-F139B602067A}.Debug|Any CPU.Build.0 = Debug|Any CPU
		{9CFFE8FD-3C93-496F-881E-F139B602067A}.Release|Any CPU.ActiveCfg = Release|Any CPU
		{9CFFE8FD-3C93-496F-881E-F139B602067A}.Release|Any CPU.Build.0 = Release|Any CPU
		{153D1F90-5216-4580-BA39-2C25F82C0E36}.Debug|Any CPU.ActiveCfg = Debug|Any CPU
		{153D1F90-5216-4580-BA39-2C25F82C0E36}.Debug|Any CPU.Build.0 = Debug|Any CPU
		{153D1F90-5216-4580-BA39-2C25F82C0E36}.Release|Any CPU.ActiveCfg = Release|Any CPU
		{153D1F90-5216-4580-BA39-2C25F82C0E36}.Release|Any CPU.Build.0 = Release|Any CPU
		{3DF7B83B-C56D-4BCF-9761-E4F992E751B3}.Debug|Any CPU.ActiveCfg = Debug|Any CPU
		{3DF7B83B-C56D-4BCF-9761-E4F992E751B3}.Debug|Any CPU.Build.0 = Debug|Any CPU
		{3DF7B83B-C56D-4BCF-9761-E4F992E751B3}.Release|Any CPU.ActiveCfg = Release|Any CPU
		{3DF7B83B-C56D-4BCF-9761-E4F992E751B3}.Release|Any CPU.Build.0 = Release|Any CPU
		{B74D1A7F-4CAB-471E-AC7D-1DDF07538B77}.Debug|Any CPU.ActiveCfg = Debug|Any CPU
		{B74D1A7F-4CAB-471E-AC7D-1DDF07538B77}.Debug|Any CPU.Build.0 = Debug|Any CPU
		{B74D1A7F-4CAB-471E-AC7D-1DDF07538B77}.Release|Any CPU.ActiveCfg = Release|Any CPU
		{B74D1A7F-4CAB-471E-AC7D-1DDF07538B77}.Release|Any CPU.Build.0 = Release|Any CPU
	EndGlobalSection
	GlobalSection(SolutionProperties) = preSolution
		HideSolutionNode = FALSE
	EndGlobalSection
	GlobalSection(ExtensibilityGlobals) = postSolution
		SolutionGuid = {8BFA5AD0-A544-4605-B829-CA3019D02EBD}
	EndGlobalSection
EndGlobal
